// !$*UTF8*$!
{
	archiveVersion = 1;
	classes = {
	};
	objectVersion = 46;
	objects = {

/* Begin PBXBuildFile section */
		BCF20F3E19BDF7490062254C /* AppDelegate.swift in Sources */ = {isa = PBXBuildFile; fileRef = BCF20F3D19BDF7490062254C /* AppDelegate.swift */; };
		BCF20F4019BDF7490062254C /* ViewController.swift in Sources */ = {isa = PBXBuildFile; fileRef = BCF20F3F19BDF7490062254C /* ViewController.swift */; };
		BCF20F4319BDF7490062254C /* Main.storyboard in Resources */ = {isa = PBXBuildFile; fileRef = BCF20F4119BDF7490062254C /* Main.storyboard */; };
		BCF20F4519BDF7490062254C /* Images.xcassets in Resources */ = {isa = PBXBuildFile; fileRef = BCF20F4419BDF7490062254C /* Images.xcassets */; };
		BCF20F5119BDF74A0062254C /* tipsTests.swift in Sources */ = {isa = PBXBuildFile; fileRef = BCF20F5019BDF74A0062254C /* tipsTests.swift */; };
/* End PBXBuildFile section */

/* Begin PBXContainerItemProxy section */
		BCF20F4B19BDF74A0062254C /* PBXContainerItemProxy */ = {
			isa = PBXContainerItemProxy;
			containerPortal = BCF20F3019BDF7490062254C /* Project object */;
			proxyType = 1;
			remoteGlobalIDString = BCF20F3719BDF7490062254C;
			remoteInfo = tips;
		};
/* End PBXContainerItemProxy section */

/* Begin PBXFileReference section */
		BCF20F3819BDF7490062254C /* tips.app */ = {isa = PBXFileReference; explicitFileType = wrapper.application; includeInIndex = 0; path = tips.app; sourceTree = BUILT_PRODUCTS_DIR; };
		BCF20F3C19BDF7490062254C /* Info.plist */ = {isa = PBXFileReference; lastKnownFileType = text.plist.xml; path = Info.plist; sourceTree = "<group>"; };
		BCF20F3D19BDF7490062254C /* AppDelegate.swift */ = {isa = PBXFileReference; lastKnownFileType = sourcecode.swift; path = AppDelegate.swift; sourceTree = "<group>"; };
		BCF20F3F19BDF7490062254C /* ViewController.swift */ = {isa = PBXFileReference; lastKnownFileType = sourcecode.swift; path = ViewController.swift; sourceTree = "<group>"; };
		BCF20F4219BDF7490062254C /* Base */ = {isa = PBXFileReference; lastKnownFileType = file.storyboard; name = Base; path = Base.lproj/Main.storyboard; sourceTree = "<group>"; };
		BCF20F4419BDF7490062254C /* Images.xcassets */ = {isa = PBXFileReference; lastKnownFileType = folder.assetcatalog; path = Images.xcassets; sourceTree = "<group>"; };
		BCF20F4A19BDF7490062254C /* tipsTests.xctest */ = {isa = PBXFileReference; explicitFileType = wrapper.cfbundle; includeInIndex = 0; path = tipsTests.xctest; sourceTree = BUILT_PRODUCTS_DIR; };
		BCF20F4F19BDF74A0062254C /* Info.plist */ = {isa = PBXFileReference; lastKnownFileType = text.plist.xml; path = Info.plist; sourceTree = "<group>"; };
		BCF20F5019BDF74A0062254C /* tipsTests.swift */ = {isa = PBXFileReference; lastKnownFileType = sourcecode.swift; path = tipsTests.swift; sourceTree = "<group>"; };
/* End PBXFileReference section */

/* Begin PBXFrameworksBuildPhase section */
		BCF20F3519BDF7490062254C /* Frameworks */ = {
			isa = PBXFrameworksBuildPhase;
			buildActionMask = 2147483647;
			files = (
			);
			runOnlyForDeploymentPostprocessing = 0;
		};
		BCF20F4719BDF7490062254C /* Frameworks */ = {
			isa = PBXFrameworksBuildPhase;
			buildActionMask = 2147483647;
			files = (
			);
			runOnlyForDeploymentPostprocessing = 0;
		};
/* End PBXFrameworksBuildPhase section */

/* Begin PBXGroup section */
		BCF20F2F19BDF7490062254C = {
			isa = PBXGroup;
			children = (
				BCF20F3A19BDF7490062254C /* tips */,
				BCF20F4D19BDF74A0062254C /* tipsTests */,
				BCF20F3919BDF7490062254C /* Products */,
			);
			sourceTree = "<group>";
		};
		BCF20F3919BDF7490062254C /* Products */ = {
			isa = PBXGroup;
			children = (
				BCF20F3819BDF7490062254C /* tips.app */,
				BCF20F4A19BDF7490062254C /* tipsTests.xctest */,
			);
			name = Products;
			sourceTree = "<group>";
		};
		BCF20F3A19BDF7490062254C /* tips */ = {
			isa = PBXGroup;
			children = (
				BCF20F3D19BDF7490062254C /* AppDelegate.swift */,
				BCF20F3F19BDF7490062254C /* ViewController.swift */,
				BCF20F4119BDF7490062254C /* Main.storyboard */,
				BCF20F4419BDF7490062254C /* Images.xcassets */,
				BCF20F3B19BDF7490062254C /* Supporting Files */,
			);
			path = tips;
			sourceTree = "<group>";
		};
		BCF20F3B19BDF7490062254C /* Supporting Files */ = {
			isa = PBXGroup;
			children = (
				BCF20F3C19BDF7490062254C /* Info.plist */,
			);
			name = "Supporting Files";
			sourceTree = "<group>";
		};
		BCF20F4D19BDF74A0062254C /* tipsTests */ = {
			isa = PBXGroup;
			children = (
				BCF20F5019BDF74A0062254C /* tipsTests.swift */,
				BCF20F4E19BDF74A0062254C /* Supporting Files */,
			);
			path = tipsTests;
			sourceTree = "<group>";
		};
		BCF20F4E19BDF74A0062254C /* Supporting Files */ = {
			isa = PBXGroup;
			children = (
				BCF20F4F19BDF74A0062254C /* Info.plist */,
			);
			name = "Supporting Files";
			sourceTree = "<group>";
		};
/* End PBXGroup section */

/* Begin PBXNativeTarget section */
		BCF20F3719BDF7490062254C /* tips */ = {
			isa = PBXNativeTarget;
			buildConfigurationList = BCF20F5419BDF74A0062254C /* Build configuration list for PBXNativeTarget "tips" */;
			buildPhases = (
				BCF20F3419BDF7490062254C /* Sources */,
				BCF20F3519BDF7490062254C /* Frameworks */,
				BCF20F3619BDF7490062254C /* Resources */,
			);
			buildRules = (
			);
			dependencies = (
			);
			name = tips;
			productName = tips;
			productReference = BCF20F3819BDF7490062254C /* tips.app */;
			productType = "com.apple.product-type.application";
		};
		BCF20F4919BDF7490062254C /* tipsTests */ = {
			isa = PBXNativeTarget;
			buildConfigurationList = BCF20F5719BDF74A0062254C /* Build configuration list for PBXNativeTarget "tipsTests" */;
			buildPhases = (
				BCF20F4619BDF7490062254C /* Sources */,
				BCF20F4719BDF7490062254C /* Frameworks */,
				BCF20F4819BDF7490062254C /* Resources */,
			);
			buildRules = (
			);
			dependencies = (
				BCF20F4C19BDF74A0062254C /* PBXTargetDependency */,
			);
			name = tipsTests;
			productName = tipsTests;
			productReference = BCF20F4A19BDF7490062254C /* tipsTests.xctest */;
			productType = "com.apple.product-type.bundle.unit-test";
		};
/* End PBXNativeTarget section */

/* Begin PBXProject section */
		BCF20F3019BDF7490062254C /* Project object */ = {
			isa = PBXProject;
			attributes = {
				LastUpgradeCheck = 0600;
				ORGANIZATIONNAME = VijayMiriyala;
				TargetAttributes = {
					BCF20F3719BDF7490062254C = {
						CreatedOnToolsVersion = 6.0;
					};
					BCF20F4919BDF7490062254C = {
						CreatedOnToolsVersion = 6.0;
						TestTargetID = BCF20F3719BDF7490062254C;
					};
				};
			};
			buildConfigurationList = BCF20F3319BDF7490062254C /* Build configuration list for PBXProject "tips" */;
			compatibilityVersion = "Xcode 3.2";
			developmentRegion = English;
			hasScannedForEncodings = 0;
			knownRegions = (
				en,
				Base,
			);
			mainGroup = BCF20F2F19BDF7490062254C;
			productRefGroup = BCF20F3919BDF7490062254C /* Products */;
			projectDirPath = "";
			projectRoot = "";
			targets = (
				BCF20F3719BDF7490062254C /* tips */,
				BCF20F4919BDF7490062254C /* tipsTests */,
			);
		};
/* End PBXProject section */

/* Begin PBXResourcesBuildPhase section */
		BCF20F3619BDF7490062254C /* Resources */ = {
			isa = PBXResourcesBuildPhase;
			buildActionMask = 2147483647;
			files = (
				BCF20F4319BDF7490062254C /* Main.storyboard in Resources */,
				BCF20F4519BDF7490062254C /* Images.xcassets in Resources */,
			);
			runOnlyForDeploymentPostprocessing = 0;
		};
		BCF20F4819BDF7490062254C /* Resources */ = {
			isa = PBXResourcesBuildPhase;
			buildActionMask = 2147483647;
			files = (
			);
			runOnlyForDeploymentPostprocessing = 0;
		};
/* End PBXResourcesBuildPhase section */

/* Begin PBXSourcesBuildPhase section */
		BCF20F3419BDF7490062254C /* Sources */ = {
			isa = PBXSourcesBuildPhase;
			buildActionMask = 2147483647;
			files = (
				BCF20F4019BDF7490062254C /* ViewController.swift in Sources */,
				BCF20F3E19BDF7490062254C /* AppDelegate.swift in Sources */,
			);
			runOnlyForDeploymentPostprocessing = 0;
		};
		BCF20F4619BDF7490062254C /* Sources */ = {
			isa = PBXSourcesBuildPhase;
			buildActionMask = 2147483647;
			files = (
				BCF20F5119BDF74A0062254C /* tipsTests.swift in Sources */,
			);
			runOnlyForDeploymentPostprocessing = 0;
		};
/* End PBXSourcesBuildPhase section */

/* Begin PBXTargetDependency section */
		BCF20F4C19BDF74A0062254C /* PBXTargetDependency */ = {
			isa = PBXTargetDependency;
			target = BCF20F3719BDF7490062254C /* tips */;
			targetProxy = BCF20F4B19BDF74A0062254C /* PBXContainerItemProxy */;
		};
/* End PBXTargetDependency section */

/* Begin PBXVariantGroup section */
		BCF20F4119BDF7490062254C /* Main.storyboard */ = {
			isa = PBXVariantGroup;
			children = (
				BCF20F4219BDF7490062254C /* Base */,
			);
			name = Main.storyboard;
			sourceTree = "<group>";
		};
/* End PBXVariantGroup section */

/* Begin XCBuildConfiguration section */
		BCF20F5219BDF74A0062254C /* Debug */ = {
			isa = XCBuildConfiguration;
			buildSettings = {
				ALWAYS_SEARCH_USER_PATHS = NO;
				CLANG_CXX_LANGUAGE_STANDARD = "gnu++0x";
				CLANG_CXX_LIBRARY = "libc++";
				CLANG_ENABLE_MODULES = YES;
				CLANG_ENABLE_OBJC_ARC = YES;
				CLANG_WARN_BOOL_CONVERSION = YES;
				CLANG_WARN_CONSTANT_CONVERSION = YES;
				CLANG_WARN_DIRECT_OBJC_ISA_USAGE = YES_ERROR;
				CLANG_WARN_EMPTY_BODY = YES;
				CLANG_WARN_ENUM_CONVERSION = YES;
				CLANG_WARN_INT_CONVERSION = YES;
				CLANG_WARN_OBJC_ROOT_CLASS = YES_ERROR;
				CLANG_WARN_UNREACHABLE_CODE = YES;
				CLANG_WARN__DUPLICATE_METHOD_MATCH = YES;
				"CODE_SIGN_IDENTITY[sdk=iphoneos*]" = "iPhone Developer";
				COPY_PHASE_STRIP = NO;
				ENABLE_STRICT_OBJC_MSGSEND = YES;
				GCC_C_LANGUAGE_STANDARD = gnu99;
				GCC_DYNAMIC_NO_PIC = NO;
				GCC_OPTIMIZATION_LEVEL = 0;
				GCC_PREPROCESSOR_DEFINITIONS = (
					"DEBUG=1",
					"$(inherited)",
				);
				GCC_SYMBOLS_PRIVATE_EXTERN = NO;
				GCC_WARN_64_TO_32_BIT_CONVERSION = YES;
				GCC_WARN_ABOUT_RETURN_TYPE = YES_ERROR;
				GCC_WARN_UNDECLARED_SELECTOR = YES;
				GCC_WARN_UNINITIALIZED_AUTOS = YES_AGGRESSIVE;
				GCC_WARN_UNUSED_FUNCTION = YES;
				GCC_WARN_UNUSED_VARIABLE = YES;
				IPHONEOS_DEPLOYMENT_TARGET = 8.0;
				MTL_ENABLE_DEBUG_INFO = YES;
				ONLY_ACTIVE_ARCH = YES;
				SDKROOT = iphoneos;
				SWIFT_OPTIMIZATION_LEVEL = "-Onone";
			};
			name = Debug;
		};
		BCF20F5319BDF74A0062254C /* Release */ = {
			isa = XCBuildConfiguration;
			buildSettings = {
				ALWAYS_SEARCH_USER_PATHS = NO;
				CLANG_CXX_LANGUAGE_STANDARD = "gnu++0x";
				CLANG_CXX_LIBRARY = "libc++";
				CLANG_ENABLE_MODULES = YES;
				CLANG_ENABLE_OBJC_ARC = YES;
				CLANG_WARN_BOOL_CONVERSION = YES;
				CLANG_WARN_CONSTANT_CONVERSION = YES;
				CLANG_WARN_DIRECT_OBJC_ISA_USAGE = YES_ERROR;
				CLANG_WARN_EMPTY_BODY = YES;
				CLANG_WARN_ENUM_CONVERSION = YES;
				CLANG_WARN_INT_CONVERSION = YES;
				CLANG_WARN_OBJC_ROOT_CLASS = YES_ERROR;
				CLANG_WARN_UNREACHABLE_CODE = YES;
				CLANG_WARN__DUPLICATE_METHOD_MATCH = YES;
				"CODE_SIGN_IDENTITY[sdk=iphoneos*]" = "iPhone Developer";
				COPY_PHASE_STRIP = YES;
				ENABLE_NS_ASSERTIONS = NO;
				ENABLE_STRICT_OBJC_MSGSEND = YES;
				GCC_C_LANGUAGE_STANDARD = gnu99;
				GCC_WARN_64_TO_32_BIT_CONVERSION = YES;
				GCC_WARN_ABOUT_RETURN_TYPE = YES_ERROR;
				GCC_WARN_UNDECLARED_SELECTOR = YES;
				GCC_WARN_UNINITIALIZED_AUTOS = YES_AGGRESSIVE;
				GCC_WARN_UNUSED_FUNCTION = YES;
				GCC_WARN_UNUSED_VARIABLE = YES;
				IPHONEOS_DEPLOYMENT_TARGET = 8.0;
				MTL_ENABLE_DEBUG_INFO = NO;
				SDKROOT = iphoneos;
				VALIDATE_PRODUCT = YES;
			};
			name = Release;
		};
		BCF20F5519BDF74A0062254C /* Debug */ = {
			isa = XCBuildConfiguration;
			buildSettings = {
				ASSETCATALOG_COMPILER_APPICON_NAME = AppIcon;
				ASSETCATALOG_COMPILER_LAUNCHIMAGE_NAME = LaunchImage;
				INFOPLIST_FILE = tips/Info.plist;
				IPHONEOS_DEPLOYMENT_TARGET = 7.1;
				LD_RUNPATH_SEARCH_PATHS = "$(inherited) @executable_path/Frameworks";
				PRODUCT_NAME = "$(TARGET_NAME)";
				TARGETED_DEVICE_FAMILY = 1;
			};
			name = Debug;
		};
		BCF20F5619BDF74A0062254C /* Release */ = {
			isa = XCBuildConfiguration;
			buildSettings = {
				ASSETCATALOG_COMPILER_APPICON_NAME = AppIcon;
				ASSETCATALOG_COMPILER_LAUNCHIMAGE_NAME = LaunchImage;
				INFOPLIST_FILE = tips/Info.plist;
				IPHONEOS_DEPLOYMENT_TARGET = 7.1;
				LD_RUNPATH_SEARCH_PATHS = "$(inherited) @executable_path/Frameworks";
				PRODUCT_NAME = "$(TARGET_NAME)";
				TARGETED_DEVICE_FAMILY = 1;
			};
			name = Release;
		};
		BCF20F5819BDF74A0062254C /* Debug */ = {
			isa = XCBuildConfiguration;
			buildSettings = {
				BUNDLE_LOADER = "$(TEST_HOST)";
				FRAMEWORK_SEARCH_PATHS = (
					"$(SDKROOT)/Developer/Library/Frameworks",
					"$(inherited)",
				);
				GCC_PREPROCESSOR_DEFINITIONS = (
					"DEBUG=1",
					"$(inherited)",
				);
				INFOPLIST_FILE = tipsTests/Info.plist;
				LD_RUNPATH_SEARCH_PATHS = "$(inherited) @executable_path/Frameworks @loader_path/Frameworks";
				PRODUCT_NAME = "$(TARGET_NAME)";
				TEST_HOST = "$(BUILT_PRODUCTS_DIR)/tips.app/tips";
			};
			name = Debug;
		};
		BCF20F5919BDF74A0062254C /* Release */ = {
			isa = XCBuildConfiguration;
			buildSettings = {
				BUNDLE_LOADER = "$(TEST_HOST)";
				FRAMEWORK_SEARCH_PATHS = (
					"$(SDKROOT)/Developer/Library/Frameworks",
					"$(inherited)",
				);
				INFOPLIST_FILE = tipsTests/Info.plist;
				LD_RUNPATH_SEARCH_PATHS = "$(inherited) @executable_path/Frameworks @loader_path/Frameworks";
				PRODUCT_NAME = "$(TARGET_NAME)";
				TEST_HOST = "$(BUILT_PRODUCTS_DIR)/tips.app/tips";
			};
			name = Release;
		};
/* End XCBuildConfiguration section */

/* Begin XCConfigurationList section */
		BCF20F3319BDF7490062254C /* Build configuration list for PBXProject "tips" */ = {
			isa = XCConfigurationList;
			buildConfigurations = (
				BCF20F5219BDF74A0062254C /* Debug */,
				BCF20F5319BDF74A0062254C /* Release */,
			);
			defaultConfigurationIsVisible = 0;
			defaultConfigurationName = Release;
		};
		BCF20F5419BDF74A0062254C /* Build configuration list for PBXNativeTarget "tips" */ = {
			isa = XCConfigurationList;
			buildConfigurations = (
				BCF20F5519BDF74A0062254C /* Debug */,
				BCF20F5619BDF74A0062254C /* Release */,
			);
			defaultConfigurationIsVisible = 0;
		};
		BCF20F5719BDF74A0062254C /* Build configuration list for PBXNativeTarget "tipsTests" */ = {
			isa = XCConfigurationList;
			buildConfigurations = (
				BCF20F5819BDF74A0062254C /* Debug */,
				BCF20F5919BDF74A0062254C /* Release */,
			);
			defaultConfigurationIsVisible = 0;
		};
/* End XCConfigurationList section */
	};
	rootObject = BCF20F3019BDF7490062254C /* Project object */;
}
